
Microsoft Visual Studio Solution File, Format Version 12.00
# Visual Studio Version 16
VisualStudioVersion = 16.0.30413.136
MinimumVisualStudioVersion = 10.0.40219.1
Project("{9A19103F-16F7-4668-BE54-9A1E7A4F7556}") = "Homework1", "src\Homework1\Homework1.csproj", "{72D551DF-4E55-4A95-AD04-BDE125BD31CB}"
EndProject
Project("{9A19103F-16F7-4668-BE54-9A1E7A4F7556}") = "Homework2", "SRC\Homework-2\Homework2.csproj", "{C66E7910-F08A-4DC3-BF9F-76DFDAE0F37A}"
EndProject
Project("{FAE04EC0-301F-11D3-BF4B-00C04F79EFBC}") = "Homework3", "src\Homework3\Homework3.csproj", "{75D92125-3858-4641-9733-2EF5B555F9B3}"
EndProject
Global
	GlobalSection(SolutionConfigurationPlatforms) = preSolution
		Debug|Any CPU = Debug|Any CPU
		Release|Any CPU = Release|Any CPU
	EndGlobalSection
	GlobalSection(ProjectConfigurationPlatforms) = postSolution
		{72D551DF-4E55-4A95-AD04-BDE125BD31CB}.Debug|Any CPU.ActiveCfg = Debug|Any CPU
		{72D551DF-4E55-4A95-AD04-BDE125BD31CB}.Debug|Any CPU.Build.0 = Debug|Any CPU
		{72D551DF-4E55-4A95-AD04-BDE125BD31CB}.Release|Any CPU.ActiveCfg = Release|Any CPU
		{72D551DF-4E55-4A95-AD04-BDE125BD31CB}.Release|Any CPU.Build.0 = Release|Any CPU
		{C66E7910-F08A-4DC3-BF9F-76DFDAE0F37A}.Debug|Any CPU.ActiveCfg = Debug|Any CPU
		{C66E7910-F08A-4DC3-BF9F-76DFDAE0F37A}.Debug|Any CPU.Build.0 = Debug|Any CPU
		{C66E7910-F08A-4DC3-BF9F-76DFDAE0F37A}.Release|Any CPU.ActiveCfg = Release|Any CPU
		{C66E7910-F08A-4DC3-BF9F-76DFDAE0F37A}.Release|Any CPU.Build.0 = Release|Any CPU
		{75D92125-3858-4641-9733-2EF5B555F9B3}.Debug|Any CPU.ActiveCfg = Debug|Any CPU
		{75D92125-3858-4641-9733-2EF5B555F9B3}.Debug|Any CPU.Build.0 = Debug|Any CPU
		{75D92125-3858-4641-9733-2EF5B555F9B3}.Release|Any CPU.ActiveCfg = Release|Any CPU
		{75D92125-3858-4641-9733-2EF5B555F9B3}.Release|Any CPU.Build.0 = Release|Any CPU
	EndGlobalSection
	GlobalSection(SolutionProperties) = preSolution
		HideSolutionNode = FALSE
	EndGlobalSection
	GlobalSection(ExtensibilityGlobals) = postSolution
		SolutionGuid = {4158F558-1A69-4703-A821-B8C95633AD26}
	EndGlobalSection
EndGlobal
